schema: '2.0'
stages:
  collect_data:
    cmd: python scrapper/tech_indicator_scrapper.py --stock_ids TSLA -raw_tech_data_store_dir
      data/raw_data/yfinancetechdata -start_date 2018-06-20 -end_date 2023-06-20
    deps:
    - path: scrapper/tech_indicator_scrapper.py
      hash: md5
      md5: a603de210a3a4d932e884fa5baa015d0
      size: 1436
  process_data:
    cmd: python data_processor/tech_indicator_processor.py --stock_ids TSLA -raw_tech_data_store_dir
      data/raw_data/yfinancetechdata -clean_tech_data_store_dir data/clean_data/yfinancetechdata
      -start_date 2018-06-20 -end_date 2023-06-20
    deps:
    - path: data_processor/tech_indicator_processor.py
      hash: md5
      md5: cf7a358c99fe58450521d819f764ba72
      size: 3898
    - path: scrapper/tech_indicator_scrapper.py
      hash: md5
      md5: a603de210a3a4d932e884fa5baa015d0
      size: 1436
  model_data:
    cmd: python model_factory/auto_arima.py --stock_ids TSLA -clean_tech_data_store_dir
      data/clean_data/yfinancetechdata -start_date 2018-06-20 -end_date 2023-06-20
      -model_storage_path models/
    deps:
    - path: data_processor/combine_tech_and_fundamentals.py
      hash: md5
      md5: 855c468e7be0bde4189d79f30946e21b
      size: 2558
    - path: data_processor/tech_indicator_processor.py
      hash: md5
      md5: cf7a358c99fe58450521d819f764ba72
      size: 3898
    - path: model_factory/auto_arima.py
      hash: md5
      md5: cdf7bc4ce8147c797d5966ee5859c0cb
      size: 3540
    - path: scrapper/tech_indicator_scrapper.py
      hash: md5
      md5: a603de210a3a4d932e884fa5baa015d0
      size: 1436
    outs:
    - path: models/time_series_model.pkl
      hash: md5
      md5: bdd840afce2e3debc555163b7d10b89a
      size: 1372456
  evaluate:
    cmd: python model_factory/evaluate_arima.py models/time_series_model.pkl
    deps:
    - path: model_factory/evaluate_arima.py
      hash: md5
      md5: 83bd327d50f4916a6ce32f492f22d245
      size: 3150
    - path: models/time_series_model.pkl
      hash: md5
      md5: bdd840afce2e3debc555163b7d10b89a
      size: 1372456
    outs:
    - path: eval/importance.png
      hash: md5
      md5: 299ae61fcfa51260d843ab37c2298881
      size: 8017
    - path: eval/live/metrics.json
      hash: md5
      md5: 0d3fa601ab3af483d7a255f169502546
      size: 73
  collect_tech_data:
    cmd: python scrapper/tech_indicator_scrapper.py --stock_ids TSLA -raw_tech_data_store_dir
      data/raw_data/yfinancetechdata -start_date 2018-06-20 -end_date 2023-06-20
    deps:
    - path: scrapper/tech_indicator_scrapper.py
      hash: md5
      md5: a603de210a3a4d932e884fa5baa015d0
      size: 1436
  collect_gnews_data:
    cmd: python scrapper/gnews_scrapper.py --stock_ids TSLA -raw_tech_data_store_dir
      data/raw_data/googlenewsdata -start_date 2018-06-20 -end_date 2023-06-20
    deps:
    - path: scrapper/gnews_scrapper.py
      hash: md5
      md5: 96ce2cf5cbd94ddb624cd3c4a7ff019e
      size: 2176
  extract_gnews_sentiment:
    cmd: python sentiment_analyzer/analyze_n_append_gnews_sentiment.py --stock_ids
      TSLA -raw_tech_data_store_dir data/raw_data/googlenewsdata -clean_tech_data_store_dir
      data/clean_data/googlenewsdata -start_date 2018-06-20 -end_date 2023-06-20
    deps:
    - path: scrapper/gnews_scrapper.py
      hash: md5
      md5: 96ce2cf5cbd94ddb624cd3c4a7ff019e
      size: 2176
    - path: sentiment_analyzer/analyze_n_append_gnews_sentiment.py
      hash: md5
      md5: 3e03efd1dce8cf3461739ede666c0965
      size: 2503
  pycaret_model_data:
    cmd: python model_factory/pcaret_ts_model.py --stock_ids TSLA -clean_tech_data_store_dir
      data/clean_data/yfinancetechdata -start_date 2018-06-20 -end_date 2023-06-20
      -model_storage_path models/
    deps:
    - path: data_processor/combine_tech_and_fundamentals.py
      hash: md5
      md5: 855c468e7be0bde4189d79f30946e21b
      size: 2558
    - path: data_processor/tech_indicator_processor.py
      hash: md5
      md5: cf7a358c99fe58450521d819f764ba72
      size: 3898
    - path: model_factory/auto_arima.py
      hash: md5
      md5: cdf7bc4ce8147c797d5966ee5859c0cb
      size: 3540
    - path: scrapper/tech_indicator_scrapper.py
      hash: md5
      md5: a603de210a3a4d932e884fa5baa015d0
      size: 1436
    outs:
    - path: models/pycaret_model.pkl
      hash: md5
      md5: a762eb6401991b4437094243ff6a3e7a
      size: 65680
