schema: '2.0'
stages:
  collect_data:
    cmd: python scrapper/tech_indicator_scrapper.py --stock_ids TSLA -raw_tech_data_store_dir
      data/raw_data/yfinancetechdata -start_date 2018-06-20 -end_date 2023-06-20
    deps:
    - path: scrapper/tech_indicator_scrapper.py
      hash: md5
      md5: a603de210a3a4d932e884fa5baa015d0
      size: 1436
  process_data:
    cmd: python data_processor/tech_indicator_processor.py --stock_ids TSLA -raw_tech_data_store_dir
      data/raw_data/yfinancetechdata -clean_tech_data_store_dir data/clean_data -start_date
      2018-06-20 -end_date 2023-08-05
    deps:
    - path: data_processor/tech_indicator_processor.py
      hash: md5
      md5: 0eba5ffcbeb1add06a6610bd6dec2426
      size: 4653
    - path: scrapper/tech_indicator_scrapper.py
      hash: md5
      md5: a603de210a3a4d932e884fa5baa015d0
      size: 1436
  model_data:
    cmd: python model_factory/auto_arima.py --stock_ids TSLA -clean_tech_data_store_dir
      data/clean_data/all_combined -start_date 2018-06-20 -end_date 2023-08-05 -model_storage_path
      models/
    deps:
    - path: data_processor/combine_tech_and_fundamentals.py
      hash: md5
      md5: 7182b2325c05e3e610172d4656680b70
      size: 2560
    - path: data_processor/tech_indicator_processor.py
      hash: md5
      md5: 0eba5ffcbeb1add06a6610bd6dec2426
      size: 4653
    - path: model_factory/auto_arima.py
      hash: md5
      md5: b4f3784a5057bf4f0e0165a8b8d1a396
      size: 3552
    - path: scrapper/tech_indicator_scrapper.py
      hash: md5
      md5: a603de210a3a4d932e884fa5baa015d0
      size: 1436
    outs:
    - path: models/time_series_model.pkl
      hash: md5
      md5: 6a6ffe90c87defd8ea7357a9c044a3a0
      size: 1412242
  evaluate:
    cmd: python model_factory/evaluate_arima.py models/time_series_model.pkl
    deps:
    - path: model_factory/evaluate_arima.py
      hash: md5
      md5: cdd9b05739e335886927ad4e6584a863
      size: 3173
    - path: models/time_series_model.pkl
      hash: md5
      md5: 6a6ffe90c87defd8ea7357a9c044a3a0
      size: 1412242
    outs:
    - path: eval/importance.png
      hash: md5
      md5: 299ae61fcfa51260d843ab37c2298881
      size: 8017
    - path: eval/live/metrics.json
      hash: md5
      md5: 19d2b41831ee96c1be5bcb054bf751c5
      size: 72
  collect_tech_data:
    cmd: python scrapper/tech_indicator_scrapper.py --stock_ids TSLA -raw_tech_data_store_dir
      data/raw_data/yfinancetechdata -start_date 2018-06-20 -end_date 2023-08-05
    deps:
    - path: scrapper/tech_indicator_scrapper.py
      hash: md5
      md5: a603de210a3a4d932e884fa5baa015d0
      size: 1436
  collect_gnews_data:
    cmd: python scrapper/gnews_scrapper.py --stock_ids TSLA -raw_tech_data_store_dir
      data/raw_data/googlenewsdata -start_date 2018-06-20 -end_date 2023-08-05
    deps:
    - path: scrapper/gnews_scrapper.py
      hash: md5
      md5: 96ce2cf5cbd94ddb624cd3c4a7ff019e
      size: 2176
  extract_gnews_sentiment:
    cmd: python sentiment_analyzer/analyze_n_append_gnews_sentiment.py --stock_ids
      TSLA -raw_tech_data_store_dir data/raw_data/googlenewsdata -clean_tech_data_store_dir
      data/clean_data/googlenewsdata -start_date 2018-06-20 -end_date 2023-08-05
    deps:
    - path: scrapper/gnews_scrapper.py
      hash: md5
      md5: 96ce2cf5cbd94ddb624cd3c4a7ff019e
      size: 2176
    - path: sentiment_analyzer/analyze_n_append_gnews_sentiment.py
      hash: md5
      md5: 3e03efd1dce8cf3461739ede666c0965
      size: 2503
  pycaret_model_data:
    cmd: python model_factory/pcaret_ts_model.py --stock_ids TSLA -clean_tech_data_store_dir
      data/clean_data/yfinancetechdata -start_date 2018-06-20 -end_date 2023-06-20
      -model_storage_path models/
    deps:
    - path: data_processor/combine_tech_and_fundamentals.py
      hash: md5
      md5: 855c468e7be0bde4189d79f30946e21b
      size: 2558
    - path: data_processor/tech_indicator_processor.py
      hash: md5
      md5: cf7a358c99fe58450521d819f764ba72
      size: 3898
    - path: model_factory/auto_arima.py
      hash: md5
      md5: cdf7bc4ce8147c797d5966ee5859c0cb
      size: 3540
    - path: scrapper/tech_indicator_scrapper.py
      hash: md5
      md5: a603de210a3a4d932e884fa5baa015d0
      size: 1436
    outs:
    - path: models/pycaret_model.pkl
      hash: md5
      md5: a762eb6401991b4437094243ff6a3e7a
      size: 65680
  pycaret_ts_model_data:
    cmd: python model_factory/pcaret_ts_model.py --stock_ids TSLA -clean_tech_data_store_dir
      data/clean_data/all_combined -start_date 2018-06-20 -end_date 2023-08-05 -model_storage_path
      models/
    deps:
    - path: data_processor/combine_tech_and_fundamentals.py
      hash: md5
      md5: 7182b2325c05e3e610172d4656680b70
      size: 2560
    - path: data_processor/tech_indicator_processor.py
      hash: md5
      md5: 0eba5ffcbeb1add06a6610bd6dec2426
      size: 4653
    - path: model_factory/auto_arima.py
      hash: md5
      md5: b4f3784a5057bf4f0e0165a8b8d1a396
      size: 3552
    - path: scrapper/eodhistdata_scrapper.py
      hash: md5
      md5: 9aea37fdd0ec7e263d5419036e0508d0
      size: 3588
    - path: scrapper/tech_indicator_scrapper.py
      hash: md5
      md5: a603de210a3a4d932e884fa5baa015d0
      size: 1436
    - path: sentiment_analyzer/analyze_eod_news_sentiment.py
      hash: md5
      md5: b46355c95637aad1ad84ccb6fb382d20
      size: 4538
    outs:
    - path: models/pycaret_model.pkl
      hash: md5
      md5: 58e1bea116d80a6e39236eca0d49442e
      size: 60890
  pycaret_regression_model_data:
    cmd: python model_factory/pycaret_regression_model.py --stock_ids TSLA -clean_tech_data_store_dir
      data/clean_data/all_combined -start_date 2018-06-20 -end_date 2023-08-05 -model_storage_path
      models/
    deps:
    - path: data_processor/combine_tech_and_fundamentals.py
      hash: md5
      md5: 7182b2325c05e3e610172d4656680b70
      size: 2560
    - path: data_processor/tech_indicator_processor.py
      hash: md5
      md5: 0eba5ffcbeb1add06a6610bd6dec2426
      size: 4653
    - path: model_factory/feature_n_test_train_provider.py
      hash: md5
      md5: 2fb196516bcda226ed30b3248c7da4ea
      size: 858
    - path: scrapper/eodhistdata_scrapper.py
      hash: md5
      md5: 9aea37fdd0ec7e263d5419036e0508d0
      size: 3588
    - path: scrapper/tech_indicator_scrapper.py
      hash: md5
      md5: a603de210a3a4d932e884fa5baa015d0
      size: 1436
    - path: sentiment_analyzer/analyze_eod_news_sentiment.py
      hash: md5
      md5: b46355c95637aad1ad84ccb6fb382d20
      size: 4538
    outs:
    - path: models/pycaret_regression_model.pkl
      hash: md5
      md5: db34d2c3b378e33202dca34530c5cef7
      size: 6242064
  ann_model_data:
    cmd: python model_factory/ann.py --stock_ids TSLA -clean_tech_data_store_dir data/clean_data/all_combined
      -start_date 2018-06-20 -end_date 2023-08-05 -model_storage_path models/
    deps:
    - path: data_processor/combine_tech_and_fundamentals.py
      hash: md5
      md5: 7182b2325c05e3e610172d4656680b70
      size: 2560
    - path: data_processor/tech_indicator_processor.py
      hash: md5
      md5: 0eba5ffcbeb1add06a6610bd6dec2426
      size: 4653
    - path: model_factory/feature_n_test_train_provider.py
      hash: md5
      md5: 2fb196516bcda226ed30b3248c7da4ea
      size: 858
    - path: scrapper/eodhistdata_scrapper.py
      hash: md5
      md5: 9aea37fdd0ec7e263d5419036e0508d0
      size: 3588
    - path: scrapper/tech_indicator_scrapper.py
      hash: md5
      md5: a603de210a3a4d932e884fa5baa015d0
      size: 1436
    - path: sentiment_analyzer/analyze_eod_news_sentiment.py
      hash: md5
      md5: b46355c95637aad1ad84ccb6fb382d20
      size: 4538
    outs:
    - path: models/ann_model.pkl
      hash: md5
      md5: dbba6ac2e57f37590893871c50f5411a
      size: 11259
  lstm_model_data:
    cmd: python model_factory/lstm.py --stock_ids TSLA -clean_tech_data_store_dir
      data/clean_data/all_combined -start_date 2018-06-20 -end_date 2023-08-05 -model_storage_path
      models/
    deps:
    - path: data_processor/combine_tech_and_fundamentals.py
      hash: md5
      md5: 7182b2325c05e3e610172d4656680b70
      size: 2560
    - path: data_processor/tech_indicator_processor.py
      hash: md5
      md5: 0eba5ffcbeb1add06a6610bd6dec2426
      size: 4653
    - path: model_factory/feature_n_test_train_provider.py
      hash: md5
      md5: 2fb196516bcda226ed30b3248c7da4ea
      size: 858
    - path: scrapper/eodhistdata_scrapper.py
      hash: md5
      md5: 9aea37fdd0ec7e263d5419036e0508d0
      size: 3588
    - path: scrapper/tech_indicator_scrapper.py
      hash: md5
      md5: a603de210a3a4d932e884fa5baa015d0
      size: 1436
    - path: sentiment_analyzer/analyze_eod_news_sentiment.py
      hash: md5
      md5: b46355c95637aad1ad84ccb6fb382d20
      size: 4538
    outs:
    - path: models/lstm_model.pkl
      hash: md5
      md5: 7f944348ad3760884f70bd2c90fd6a61
      size: 207506
  collect_eodnews_data:
    cmd: python scrapper/eodhistdata_scrapper.py --stock_ids TSLA -raw_tech_data_store_dir
      data/raw_data/eodnewsdata -start_date 2018-06-20 -end_date 2023-08-05
    deps:
    - path: scrapper/eodhistdata_scrapper.py
      hash: md5
      md5: 9aea37fdd0ec7e263d5419036e0508d0
      size: 3588
  extract_eodnews_sentiment:
    cmd: python sentiment_analyzer/analyze_eod_news_sentiment.py --stock_ids TSLA
      -raw_tech_data_store_dir data/raw_data/eodnewsdata -clean_tech_data_store_dir
      data/clean_data/eodnewsdata -start_date 2018-06-20 -end_date 2023-08-05
    deps:
    - path: scrapper/eodhistdata_scrapper.py
      hash: md5
      md5: 9aea37fdd0ec7e263d5419036e0508d0
      size: 3588
    - path: sentiment_analyzer/analyze_eod_news_sentiment.py
      hash: md5
      md5: b46355c95637aad1ad84ccb6fb382d20
      size: 4538
